
Microsoft Visual Studio Solution File, Format Version 12.00
# Visual Studio Version 16
VisualStudioVersion = 16.0.31019.35
MinimumVisualStudioVersion = 10.0.40219.1
Project("{FAE04EC0-301F-11D3-BF4B-00C04F79EFBC}") = "DDGModernizer", "DDGModernizer\DDGModernizer.csproj", "{6D312741-E5BA-4EFE-AC67-30E5979CA855}"
EndProject
Global
	GlobalSection(SolutionConfigurationPlatforms) = preSolution
		Debug|Any CPU = Debug|Any CPU
		Release|Any CPU = Release|Any CPU
	EndGlobalSection
	GlobalSection(ProjectConfigurationPlatforms) = postSolution
		{6D312741-E5BA-4EFE-AC67-30E5979CA855}.Debug|Any CPU.ActiveCfg = Debug|Any CPU
		{6D312741-E5BA-4EFE-AC67-30E5979CA855}.Debug|Any CPU.Build.0 = Debug|Any CPU
		{6D312741-E5BA-4EFE-AC67-30E5979CA855}.Release|Any CPU.ActiveCfg = Release|Any CPU
		{6D312741-E5BA-4EFE-AC67-30E5979CA855}.Release|Any CPU.Build.0 = Release|Any CPU
	EndGlobalSection
	GlobalSection(SolutionProperties) = preSolution
		HideSolutionNode = FALSE
	EndGlobalSection
	GlobalSection(ExtensibilityGlobals) = postSolution
		SolutionGuid = {0089840C-3861-4EB4-BDBE-8DF24DEF7328}
	EndGlobalSection
EndGlobal
